// !$*UTF8*$!
{
	archiveVersion = 1;
	classes = {
	};
	objectVersion = 46;
	objects = {

/* Begin PBXBuildFile section */
		B52CA0AB17A973ED00AD54D0 /* Foundation.framework in Frameworks */ = {isa = PBXBuildFile; fileRef = B52CA0AA17A973ED00AD54D0 /* Foundation.framework */; };
		B52CA0AD17A973ED00AD54D0 /* CoreGraphics.framework in Frameworks */ = {isa = PBXBuildFile; fileRef = B52CA0AC17A973ED00AD54D0 /* CoreGraphics.framework */; };
		B52CA0AF17A973ED00AD54D0 /* UIKit.framework in Frameworks */ = {isa = PBXBuildFile; fileRef = B52CA0AE17A973ED00AD54D0 /* UIKit.framework */; };
		B52CA0B117A973ED00AD54D0 /* SpriteKit.framework in Frameworks */ = {isa = PBXBuildFile; fileRef = B52CA0B017A973ED00AD54D0 /* SpriteKit.framework */; };
		B52CA0B717A973ED00AD54D0 /* InfoPlist.strings in Resources */ = {isa = PBXBuildFile; fileRef = B52CA0B517A973ED00AD54D0 /* InfoPlist.strings */; };
		B52CA0B917A973ED00AD54D0 /* main.m in Sources */ = {isa = PBXBuildFile; fileRef = B52CA0B817A973ED00AD54D0 /* main.m */; };
		B52CA0BD17A973ED00AD54D0 /* AppDelegate.m in Sources */ = {isa = PBXBuildFile; fileRef = B52CA0BC17A973ED00AD54D0 /* AppDelegate.m */; };
		B52CA0C017A973ED00AD54D0 /* Main_iPhone.storyboard in Resources */ = {isa = PBXBuildFile; fileRef = B52CA0BE17A973ED00AD54D0 /* Main_iPhone.storyboard */; };
		B52CA0C317A973ED00AD54D0 /* Main_iPad.storyboard in Resources */ = {isa = PBXBuildFile; fileRef = B52CA0C117A973ED00AD54D0 /* Main_iPad.storyboard */; };
		B52CA0C617A973ED00AD54D0 /* ViewController.m in Sources */ = {isa = PBXBuildFile; fileRef = B52CA0C517A973ED00AD54D0 /* ViewController.m */; };
		B52CA0C917A973EE00AD54D0 /* MyScene.m in Sources */ = {isa = PBXBuildFile; fileRef = B52CA0C817A973EE00AD54D0 /* MyScene.m */; };
		B52CA0CD17A973EE00AD54D0 /* Images.xcassets in Resources */ = {isa = PBXBuildFile; fileRef = B52CA0CC17A973EE00AD54D0 /* Images.xcassets */; };
		B52CA0D417A973EE00AD54D0 /* XCTest.framework in Frameworks */ = {isa = PBXBuildFile; fileRef = B52CA0D317A973EE00AD54D0 /* XCTest.framework */; };
		B52CA0D517A973EE00AD54D0 /* Foundation.framework in Frameworks */ = {isa = PBXBuildFile; fileRef = B52CA0AA17A973ED00AD54D0 /* Foundation.framework */; };
		B52CA0D617A973EE00AD54D0 /* UIKit.framework in Frameworks */ = {isa = PBXBuildFile; fileRef = B52CA0AE17A973ED00AD54D0 /* UIKit.framework */; };
		B52CA0DE17A973EE00AD54D0 /* InfoPlist.strings in Resources */ = {isa = PBXBuildFile; fileRef = B52CA0DC17A973EE00AD54D0 /* InfoPlist.strings */; };
		B52CA0E017A973EE00AD54D0 /* slingshotTests.m in Sources */ = {isa = PBXBuildFile; fileRef = B52CA0DF17A973EE00AD54D0 /* slingshotTests.m */; };
		B53FC27417AEB2AC00199BD4 /* Triangle.m in Sources */ = {isa = PBXBuildFile; fileRef = B53FC27317AEB2AC00199BD4 /* Triangle.m */; };
		B56DCC8B17DCCE58001D88A7 /* Deadline.m in Sources */ = {isa = PBXBuildFile; fileRef = B56DCC8A17DCCE58001D88A7 /* Deadline.m */; };
		B582149217DDDDC80003F958 /* collisionSparks.sks in Resources */ = {isa = PBXBuildFile; fileRef = B582149017DDDDC80003F958 /* collisionSparks.sks */; };
		B582149317DDDDC80003F958 /* spark.png in Resources */ = {isa = PBXBuildFile; fileRef = B582149117DDDDC80003F958 /* spark.png */; };
		B595A1A617AA691A00F8AAC1 /* Sling.m in Sources */ = {isa = PBXBuildFile; fileRef = B595A1A517AA691A00F8AAC1 /* Sling.m */; };
		B595A1AC17AB035100F8AAC1 /* ContactDelegate.m in Sources */ = {isa = PBXBuildFile; fileRef = B595A1AB17AB035100F8AAC1 /* ContactDelegate.m */; };
/* End PBXBuildFile section */

/* Begin PBXContainerItemProxy section */
		B52CA0D717A973EE00AD54D0 /* PBXContainerItemProxy */ = {
			isa = PBXContainerItemProxy;
			containerPortal = B52CA09F17A973ED00AD54D0 /* Project object */;
			proxyType = 1;
			remoteGlobalIDString = B52CA0A617A973ED00AD54D0;
			remoteInfo = slingshot;
		};
/* End PBXContainerItemProxy section */

/* Begin PBXFileReference section */
		B52CA0A717A973ED00AD54D0 /* slingshot.app */ = {isa = PBXFileReference; explicitFileType = wrapper.application; includeInIndex = 0; path = slingshot.app; sourceTree = BUILT_PRODUCTS_DIR; };
		B52CA0AA17A973ED00AD54D0 /* Foundation.framework */ = {isa = PBXFileReference; lastKnownFileType = wrapper.framework; name = Foundation.framework; path = System/Library/Frameworks/Foundation.framework; sourceTree = SDKROOT; };
		B52CA0AC17A973ED00AD54D0 /* CoreGraphics.framework */ = {isa = PBXFileReference; lastKnownFileType = wrapper.framework; name = CoreGraphics.framework; path = System/Library/Frameworks/CoreGraphics.framework; sourceTree = SDKROOT; };
		B52CA0AE17A973ED00AD54D0 /* UIKit.framework */ = {isa = PBXFileReference; lastKnownFileType = wrapper.framework; name = UIKit.framework; path = System/Library/Frameworks/UIKit.framework; sourceTree = SDKROOT; };
		B52CA0B017A973ED00AD54D0 /* SpriteKit.framework */ = {isa = PBXFileReference; lastKnownFileType = wrapper.framework; name = SpriteKit.framework; path = System/Library/Frameworks/SpriteKit.framework; sourceTree = SDKROOT; };
		B52CA0B417A973ED00AD54D0 /* slingshot-Info.plist */ = {isa = PBXFileReference; lastKnownFileType = text.plist.xml; path = "slingshot-Info.plist"; sourceTree = "<group>"; };
		B52CA0B617A973ED00AD54D0 /* en */ = {isa = PBXFileReference; lastKnownFileType = text.plist.strings; name = en; path = en.lproj/InfoPlist.strings; sourceTree = "<group>"; };
		B52CA0B817A973ED00AD54D0 /* main.m */ = {isa = PBXFileReference; lastKnownFileType = sourcecode.c.objc; path = main.m; sourceTree = "<group>"; };
		B52CA0BA17A973ED00AD54D0 /* slingshot-Prefix.pch */ = {isa = PBXFileReference; lastKnownFileType = sourcecode.c.h; path = "slingshot-Prefix.pch"; sourceTree = "<group>"; };
		B52CA0BB17A973ED00AD54D0 /* AppDelegate.h */ = {isa = PBXFileReference; lastKnownFileType = sourcecode.c.h; path = AppDelegate.h; sourceTree = "<group>"; };
		B52CA0BC17A973ED00AD54D0 /* AppDelegate.m */ = {isa = PBXFileReference; lastKnownFileType = sourcecode.c.objc; path = AppDelegate.m; sourceTree = "<group>"; };
		B52CA0BF17A973ED00AD54D0 /* Base */ = {isa = PBXFileReference; lastKnownFileType = file.storyboard; name = Base; path = Base.lproj/Main_iPhone.storyboard; sourceTree = "<group>"; };
		B52CA0C217A973ED00AD54D0 /* Base */ = {isa = PBXFileReference; lastKnownFileType = file.storyboard; name = Base; path = Base.lproj/Main_iPad.storyboard; sourceTree = "<group>"; };
		B52CA0C417A973ED00AD54D0 /* ViewController.h */ = {isa = PBXFileReference; lastKnownFileType = sourcecode.c.h; path = ViewController.h; sourceTree = "<group>"; };
		B52CA0C517A973ED00AD54D0 /* ViewController.m */ = {isa = PBXFileReference; lastKnownFileType = sourcecode.c.objc; path = ViewController.m; sourceTree = "<group>"; };
		B52CA0C717A973ED00AD54D0 /* MyScene.h */ = {isa = PBXFileReference; lastKnownFileType = sourcecode.c.h; path = MyScene.h; sourceTree = "<group>"; };
		B52CA0C817A973EE00AD54D0 /* MyScene.m */ = {isa = PBXFileReference; lastKnownFileType = sourcecode.c.objc; path = MyScene.m; sourceTree = "<group>"; };
		B52CA0CC17A973EE00AD54D0 /* Images.xcassets */ = {isa = PBXFileReference; lastKnownFileType = folder.assetcatalog; path = Images.xcassets; sourceTree = "<group>"; };
		B52CA0D217A973EE00AD54D0 /* slingshotTests.xctest */ = {isa = PBXFileReference; explicitFileType = wrapper.cfbundle; includeInIndex = 0; path = slingshotTests.xctest; sourceTree = BUILT_PRODUCTS_DIR; };
		B52CA0D317A973EE00AD54D0 /* XCTest.framework */ = {isa = PBXFileReference; lastKnownFileType = wrapper.framework; name = XCTest.framework; path = Library/Frameworks/XCTest.framework; sourceTree = DEVELOPER_DIR; };
		B52CA0DB17A973EE00AD54D0 /* slingshotTests-Info.plist */ = {isa = PBXFileReference; lastKnownFileType = text.plist.xml; path = "slingshotTests-Info.plist"; sourceTree = "<group>"; };
		B52CA0DD17A973EE00AD54D0 /* en */ = {isa = PBXFileReference; lastKnownFileType = text.plist.strings; name = en; path = en.lproj/InfoPlist.strings; sourceTree = "<group>"; };
		B52CA0DF17A973EE00AD54D0 /* slingshotTests.m */ = {isa = PBXFileReference; lastKnownFileType = sourcecode.c.objc; path = slingshotTests.m; sourceTree = "<group>"; };
		B52CA0EB17A9BF1D00AD54D0 /* Constants.h */ = {isa = PBXFileReference; lastKnownFileType = sourcecode.c.h; path = Constants.h; sourceTree = "<group>"; };
		B53FC27217AEB2AC00199BD4 /* Triangle.h */ = {isa = PBXFileReference; fileEncoding = 4; lastKnownFileType = sourcecode.c.h; path = Triangle.h; sourceTree = "<group>"; };
		B53FC27317AEB2AC00199BD4 /* Triangle.m */ = {isa = PBXFileReference; fileEncoding = 4; lastKnownFileType = sourcecode.c.objc; path = Triangle.m; sourceTree = "<group>"; };
		B56DCC8917DCCE58001D88A7 /* Deadline.h */ = {isa = PBXFileReference; fileEncoding = 4; lastKnownFileType = sourcecode.c.h; path = Deadline.h; sourceTree = "<group>"; };
		B56DCC8A17DCCE58001D88A7 /* Deadline.m */ = {isa = PBXFileReference; fileEncoding = 4; lastKnownFileType = sourcecode.c.objc; path = Deadline.m; sourceTree = "<group>"; };
		B582149017DDDDC80003F958 /* collisionSparks.sks */ = {isa = PBXFileReference; lastKnownFileType = file.sks; path = collisionSparks.sks; sourceTree = "<group>"; };
		B582149117DDDDC80003F958 /* spark.png */ = {isa = PBXFileReference; lastKnownFileType = image.png; path = spark.png; sourceTree = "<group>"; };
		B595A1A417AA691900F8AAC1 /* Sling.h */ = {isa = PBXFileReference; fileEncoding = 4; lastKnownFileType = sourcecode.c.h; path = Sling.h; sourceTree = "<group>"; };
		B595A1A517AA691A00F8AAC1 /* Sling.m */ = {isa = PBXFileReference; fileEncoding = 4; lastKnownFileType = sourcecode.c.objc; path = Sling.m; sourceTree = "<group>"; };
		B595A1AA17AB035100F8AAC1 /* ContactDelegate.h */ = {isa = PBXFileReference; fileEncoding = 4; lastKnownFileType = sourcecode.c.h; path = ContactDelegate.h; sourceTree = "<group>"; };
		B595A1AB17AB035100F8AAC1 /* ContactDelegate.m */ = {isa = PBXFileReference; fileEncoding = 4; lastKnownFileType = sourcecode.c.objc; path = ContactDelegate.m; sourceTree = "<group>"; };
/* End PBXFileReference section */

/* Begin PBXFrameworksBuildPhase section */
		B52CA0A417A973ED00AD54D0 /* Frameworks */ = {
			isa = PBXFrameworksBuildPhase;
			buildActionMask = 2147483647;
			files = (
				B52CA0AD17A973ED00AD54D0 /* CoreGraphics.framework in Frameworks */,
				B52CA0AF17A973ED00AD54D0 /* UIKit.framework in Frameworks */,
				B52CA0B117A973ED00AD54D0 /* SpriteKit.framework in Frameworks */,
				B52CA0AB17A973ED00AD54D0 /* Foundation.framework in Frameworks */,
			);
			runOnlyForDeploymentPostprocessing = 0;
		};
		B52CA0CF17A973EE00AD54D0 /* Frameworks */ = {
			isa = PBXFrameworksBuildPhase;
			buildActionMask = 2147483647;
			files = (
				B52CA0D417A973EE00AD54D0 /* XCTest.framework in Frameworks */,
				B52CA0D617A973EE00AD54D0 /* UIKit.framework in Frameworks */,
				B52CA0D517A973EE00AD54D0 /* Foundation.framework in Frameworks */,
			);
			runOnlyForDeploymentPostprocessing = 0;
		};
/* End PBXFrameworksBuildPhase section */

/* Begin PBXGroup section */
		B52CA09E17A973ED00AD54D0 = {
			isa = PBXGroup;
			children = (
				B52CA0B217A973ED00AD54D0 /* slingshot */,
				B52CA0D917A973EE00AD54D0 /* slingshotTests */,
				B52CA0A917A973ED00AD54D0 /* Frameworks */,
				B52CA0A817A973ED00AD54D0 /* Products */,
			);
			sourceTree = "<group>";
		};
		B52CA0A817A973ED00AD54D0 /* Products */ = {
			isa = PBXGroup;
			children = (
				B52CA0A717A973ED00AD54D0 /* slingshot.app */,
				B52CA0D217A973EE00AD54D0 /* slingshotTests.xctest */,
			);
			name = Products;
			sourceTree = "<group>";
		};
		B52CA0A917A973ED00AD54D0 /* Frameworks */ = {
			isa = PBXGroup;
			children = (
				B52CA0AA17A973ED00AD54D0 /* Foundation.framework */,
				B52CA0AC17A973ED00AD54D0 /* CoreGraphics.framework */,
				B52CA0AE17A973ED00AD54D0 /* UIKit.framework */,
				B52CA0B017A973ED00AD54D0 /* SpriteKit.framework */,
				B52CA0D317A973EE00AD54D0 /* XCTest.framework */,
			);
			name = Frameworks;
			sourceTree = "<group>";
		};
		B52CA0B217A973ED00AD54D0 /* slingshot */ = {
			isa = PBXGroup;
			children = (
				B52CA0BB17A973ED00AD54D0 /* AppDelegate.h */,
				B52CA0BC17A973ED00AD54D0 /* AppDelegate.m */,
				B52CA0BE17A973ED00AD54D0 /* Main_iPhone.storyboard */,
				B52CA0C117A973ED00AD54D0 /* Main_iPad.storyboard */,
				B52CA0C417A973ED00AD54D0 /* ViewController.h */,
				B52CA0C517A973ED00AD54D0 /* ViewController.m */,
				B52CA0EB17A9BF1D00AD54D0 /* Constants.h */,
				B595A1AA17AB035100F8AAC1 /* ContactDelegate.h */,
				B595A1AB17AB035100F8AAC1 /* ContactDelegate.m */,
				B53FC27217AEB2AC00199BD4 /* Triangle.h */,
				B53FC27317AEB2AC00199BD4 /* Triangle.m */,
				B56DCC8917DCCE58001D88A7 /* Deadline.h */,
				B56DCC8A17DCCE58001D88A7 /* Deadline.m */,
				B595A1A417AA691900F8AAC1 /* Sling.h */,
				B595A1A517AA691A00F8AAC1 /* Sling.m */,
				B52CA0C717A973ED00AD54D0 /* MyScene.h */,
				B52CA0C817A973EE00AD54D0 /* MyScene.m */,
				B582148F17DDDDAC0003F958 /* Particles */,
				B52CA0CC17A973EE00AD54D0 /* Images.xcassets */,
				B52CA0B317A973ED00AD54D0 /* Supporting Files */,
			);
			path = slingshot;
			sourceTree = "<group>";
		};
		B52CA0B317A973ED00AD54D0 /* Supporting Files */ = {
			isa = PBXGroup;
			children = (
				B52CA0B417A973ED00AD54D0 /* slingshot-Info.plist */,
				B52CA0B517A973ED00AD54D0 /* InfoPlist.strings */,
				B52CA0B817A973ED00AD54D0 /* main.m */,
				B52CA0BA17A973ED00AD54D0 /* slingshot-Prefix.pch */,
			);
			name = "Supporting Files";
			sourceTree = "<group>";
		};
		B52CA0D917A973EE00AD54D0 /* slingshotTests */ = {
			isa = PBXGroup;
			children = (
				B52CA0DF17A973EE00AD54D0 /* slingshotTests.m */,
				B52CA0DA17A973EE00AD54D0 /* Supporting Files */,
			);
			path = slingshotTests;
			sourceTree = "<group>";
		};
		B52CA0DA17A973EE00AD54D0 /* Supporting Files */ = {
			isa = PBXGroup;
			children = (
				B52CA0DB17A973EE00AD54D0 /* slingshotTests-Info.plist */,
				B52CA0DC17A973EE00AD54D0 /* InfoPlist.strings */,
			);
			name = "Supporting Files";
			sourceTree = "<group>";
		};
		B582148F17DDDDAC0003F958 /* Particles */ = {
			isa = PBXGroup;
			children = (
				B582149017DDDDC80003F958 /* collisionSparks.sks */,
				B582149117DDDDC80003F958 /* spark.png */,
			);
			name = Particles;
			sourceTree = "<group>";
		};
/* End PBXGroup section */

/* Begin PBXNativeTarget section */
		B52CA0A617A973ED00AD54D0 /* slingshot */ = {
			isa = PBXNativeTarget;
			buildConfigurationList = B52CA0E317A973EE00AD54D0 /* Build configuration list for PBXNativeTarget "slingshot" */;
			buildPhases = (
				B52CA0A317A973ED00AD54D0 /* Sources */,
				B52CA0A417A973ED00AD54D0 /* Frameworks */,
				B52CA0A517A973ED00AD54D0 /* Resources */,
			);
			buildRules = (
			);
			dependencies = (
			);
			name = slingshot;
			productName = slingshot;
			productReference = B52CA0A717A973ED00AD54D0 /* slingshot.app */;
			productType = "com.apple.product-type.application";
		};
		B52CA0D117A973EE00AD54D0 /* slingshotTests */ = {
			isa = PBXNativeTarget;
			buildConfigurationList = B52CA0E617A973EE00AD54D0 /* Build configuration list for PBXNativeTarget "slingshotTests" */;
			buildPhases = (
				B52CA0CE17A973EE00AD54D0 /* Sources */,
				B52CA0CF17A973EE00AD54D0 /* Frameworks */,
				B52CA0D017A973EE00AD54D0 /* Resources */,
			);
			buildRules = (
			);
			dependencies = (
				B52CA0D817A973EE00AD54D0 /* PBXTargetDependency */,
			);
			name = slingshotTests;
			productName = slingshotTests;
			productReference = B52CA0D217A973EE00AD54D0 /* slingshotTests.xctest */;
			productType = "com.apple.product-type.bundle.unit-test";
		};
/* End PBXNativeTarget section */

/* Begin PBXProject section */
		B52CA09F17A973ED00AD54D0 /* Project object */ = {
			isa = PBXProject;
			attributes = {
				LastUpgradeCheck = 0500;
				ORGANIZATIONNAME = "Jordi Chulia";
				TargetAttributes = {
					B52CA0A617A973ED00AD54D0 = {
						DevelopmentTeam = 7SJ347CED9;
					};
					B52CA0D117A973EE00AD54D0 = {
						TestTargetID = B52CA0A617A973ED00AD54D0;
					};
				};
			};
			buildConfigurationList = B52CA0A217A973ED00AD54D0 /* Build configuration list for PBXProject "slingshot" */;
			compatibilityVersion = "Xcode 3.2";
			developmentRegion = English;
			hasScannedForEncodings = 0;
			knownRegions = (
				en,
				Base,
			);
			mainGroup = B52CA09E17A973ED00AD54D0;
			productRefGroup = B52CA0A817A973ED00AD54D0 /* Products */;
			projectDirPath = "";
			projectRoot = "";
			targets = (
				B52CA0A617A973ED00AD54D0 /* slingshot */,
				B52CA0D117A973EE00AD54D0 /* slingshotTests */,
			);
		};
/* End PBXProject section */

/* Begin PBXResourcesBuildPhase section */
		B52CA0A517A973ED00AD54D0 /* Resources */ = {
			isa = PBXResourcesBuildPhase;
			buildActionMask = 2147483647;
			files = (
				B582149217DDDDC80003F958 /* collisionSparks.sks in Resources */,
				B582149317DDDDC80003F958 /* spark.png in Resources */,
				B52CA0CD17A973EE00AD54D0 /* Images.xcassets in Resources */,
				B52CA0C317A973ED00AD54D0 /* Main_iPad.storyboard in Resources */,
				B52CA0C017A973ED00AD54D0 /* Main_iPhone.storyboard in Resources */,
				B52CA0B717A973ED00AD54D0 /* InfoPlist.strings in Resources */,
			);
			runOnlyForDeploymentPostprocessing = 0;
		};
		B52CA0D017A973EE00AD54D0 /* Resources */ = {
			isa = PBXResourcesBuildPhase;
			buildActionMask = 2147483647;
			files = (
				B52CA0DE17A973EE00AD54D0 /* InfoPlist.strings in Resources */,
			);
			runOnlyForDeploymentPostprocessing = 0;
		};
/* End PBXResourcesBuildPhase section */

/* Begin PBXSourcesBuildPhase section */
		B52CA0A317A973ED00AD54D0 /* Sources */ = {
			isa = PBXSourcesBuildPhase;
			buildActionMask = 2147483647;
			files = (
				B53FC27417AEB2AC00199BD4 /* Triangle.m in Sources */,
				B52CA0C917A973EE00AD54D0 /* MyScene.m in Sources */,
				B595A1AC17AB035100F8AAC1 /* ContactDelegate.m in Sources */,
				B56DCC8B17DCCE58001D88A7 /* Deadline.m in Sources */,
				B52CA0C617A973ED00AD54D0 /* ViewController.m in Sources */,
				B595A1A617AA691A00F8AAC1 /* Sling.m in Sources */,
				B52CA0BD17A973ED00AD54D0 /* AppDelegate.m in Sources */,
				B52CA0B917A973ED00AD54D0 /* main.m in Sources */,
			);
			runOnlyForDeploymentPostprocessing = 0;
		};
		B52CA0CE17A973EE00AD54D0 /* Sources */ = {
			isa = PBXSourcesBuildPhase;
			buildActionMask = 2147483647;
			files = (
				B52CA0E017A973EE00AD54D0 /* slingshotTests.m in Sources */,
			);
			runOnlyForDeploymentPostprocessing = 0;
		};
/* End PBXSourcesBuildPhase section */

/* Begin PBXTargetDependency section */
		B52CA0D817A973EE00AD54D0 /* PBXTargetDependency */ = {
			isa = PBXTargetDependency;
			target = B52CA0A617A973ED00AD54D0 /* slingshot */;
			targetProxy = B52CA0D717A973EE00AD54D0 /* PBXContainerItemProxy */;
		};
/* End PBXTargetDependency section */

/* Begin PBXVariantGroup section */
		B52CA0B517A973ED00AD54D0 /* InfoPlist.strings */ = {
			isa = PBXVariantGroup;
			children = (
				B52CA0B617A973ED00AD54D0 /* en */,
			);
			name = InfoPlist.strings;
			sourceTree = "<group>";
		};
		B52CA0BE17A973ED00AD54D0 /* Main_iPhone.storyboard */ = {
			isa = PBXVariantGroup;
			children = (
				B52CA0BF17A973ED00AD54D0 /* Base */,
			);
			name = Main_iPhone.storyboard;
			sourceTree = "<group>";
		};
		B52CA0C117A973ED00AD54D0 /* Main_iPad.storyboard */ = {
			isa = PBXVariantGroup;
			children = (
				B52CA0C217A973ED00AD54D0 /* Base */,
			);
			name = Main_iPad.storyboard;
			sourceTree = "<group>";
		};
		B52CA0DC17A973EE00AD54D0 /* InfoPlist.strings */ = {
			isa = PBXVariantGroup;
			children = (
				B52CA0DD17A973EE00AD54D0 /* en */,
			);
			name = InfoPlist.strings;
			sourceTree = "<group>";
		};
/* End PBXVariantGroup section */

/* Begin XCBuildConfiguration section */
		B52CA0E117A973EE00AD54D0 /* Debug */ = {
			isa = XCBuildConfiguration;
			buildSettings = {
				ALWAYS_SEARCH_USER_PATHS = NO;
				CLANG_CXX_LANGUAGE_STANDARD = "gnu++0x";
				CLANG_CXX_LIBRARY = "libc++";
				CLANG_ENABLE_MODULES = YES;
				CLANG_ENABLE_OBJC_ARC = YES;
				CLANG_WARN_BOOL_CONVERSION = YES;
				CLANG_WARN_CONSTANT_CONVERSION = YES;
				CLANG_WARN_DIRECT_OBJC_ISA_USAGE = YES_ERROR;
				CLANG_WARN_EMPTY_BODY = YES;
				CLANG_WARN_ENUM_CONVERSION = YES;
				CLANG_WARN_INT_CONVERSION = YES;
				CLANG_WARN_OBJC_ROOT_CLASS = YES_ERROR;
				CLANG_WARN__DUPLICATE_METHOD_MATCH = YES;
				"CODE_SIGN_IDENTITY[sdk=iphoneos*]" = "iPhone Developer";
				COPY_PHASE_STRIP = NO;
				GCC_C_LANGUAGE_STANDARD = gnu99;
				GCC_DYNAMIC_NO_PIC = NO;
				GCC_OPTIMIZATION_LEVEL = 0;
				GCC_PREPROCESSOR_DEFINITIONS = (
					"DEBUG=1",
					"$(inherited)",
				);
				GCC_SYMBOLS_PRIVATE_EXTERN = NO;
				GCC_WARN_ABOUT_RETURN_TYPE = YES_ERROR;
				GCC_WARN_UNDECLARED_SELECTOR = YES;
				GCC_WARN_UNINITIALIZED_AUTOS = YES;
				GCC_WARN_UNUSED_FUNCTION = YES;
				GCC_WARN_UNUSED_VARIABLE = YES;
				IPHONEOS_DEPLOYMENT_TARGET = 7.0;
				ONLY_ACTIVE_ARCH = YES;
				SDKROOT = iphoneos;
				TARGETED_DEVICE_FAMILY = "1,2";
			};
			name = Debug;
		};
		B52CA0E217A973EE00AD54D0 /* Release */ = {
			isa = XCBuildConfiguration;
			buildSettings = {
				ALWAYS_SEARCH_USER_PATHS = NO;
				CLANG_CXX_LANGUAGE_STANDARD = "gnu++0x";
				CLANG_CXX_LIBRARY = "libc++";
				CLANG_ENABLE_MODULES = YES;
				CLANG_ENABLE_OBJC_ARC = YES;
				CLANG_WARN_BOOL_CONVERSION = YES;
				CLANG_WARN_CONSTANT_CONVERSION = YES;
				CLANG_WARN_DIRECT_OBJC_ISA_USAGE = YES_ERROR;
				CLANG_WARN_EMPTY_BODY = YES;
				CLANG_WARN_ENUM_CONVERSION = YES;
				CLANG_WARN_INT_CONVERSION = YES;
				CLANG_WARN_OBJC_ROOT_CLASS = YES_ERROR;
				CLANG_WARN__DUPLICATE_METHOD_MATCH = YES;
				"CODE_SIGN_IDENTITY[sdk=iphoneos*]" = "iPhone Developer";
				COPY_PHASE_STRIP = YES;
				ENABLE_NS_ASSERTIONS = NO;
				GCC_C_LANGUAGE_STANDARD = gnu99;
				GCC_WARN_ABOUT_RETURN_TYPE = YES_ERROR;
				GCC_WARN_UNDECLARED_SELECTOR = YES;
				GCC_WARN_UNINITIALIZED_AUTOS = YES;
				GCC_WARN_UNUSED_FUNCTION = YES;
				GCC_WARN_UNUSED_VARIABLE = YES;
				IPHONEOS_DEPLOYMENT_TARGET = 7.0;
				SDKROOT = iphoneos;
				TARGETED_DEVICE_FAMILY = "1,2";
				VALIDATE_PRODUCT = YES;
			};
			name = Release;
		};
		B52CA0E417A973EE00AD54D0 /* Debug */ = {
			isa = XCBuildConfiguration;
			buildSettings = {
				ASSETCATALOG_COMPILER_APPICON_NAME = AppIcon;
				ASSETCATALOG_COMPILER_LAUNCHIMAGE_NAME = LaunchImage;
				CODE_SIGN_IDENTITY = "iPhone Developer";
				"CODE_SIGN_IDENTITY[sdk=iphoneos*]" = "iPhone Developer";
				GCC_PRECOMPILE_PREFIX_HEADER = YES;
				GCC_PREFIX_HEADER = "slingshot/slingshot-Prefix.pch";
				INFOPLIST_FILE = "slingshot/slingshot-Info.plist";
				PRODUCT_NAME = "$(TARGET_NAME)";
				PROVISIONING_PROFILE = "";
				SPRITEKIT_TEXTURE_ATLAS_OUTPUT = YES;
				WRAPPER_EXTENSION = app;
			};
			name = Debug;
		};
		B52CA0E517A973EE00AD54D0 /* Release */ = {
			isa = XCBuildConfiguration;
			buildSettings = {
				ASSETCATALOG_COMPILER_APPICON_NAME = AppIcon;
				ASSETCATALOG_COMPILER_LAUNCHIMAGE_NAME = LaunchImage;
				CODE_SIGN_IDENTITY = "iPhone Developer";
				"CODE_SIGN_IDENTITY[sdk=iphoneos*]" = "iPhone Developer";
				GCC_PRECOMPILE_PREFIX_HEADER = YES;
				GCC_PREFIX_HEADER = "slingshot/slingshot-Prefix.pch";
				INFOPLIST_FILE = "slingshot/slingshot-Info.plist";
				PRODUCT_NAME = "$(TARGET_NAME)";
				PROVISIONING_PROFILE = "";
				SPRITEKIT_TEXTURE_ATLAS_OUTPUT = YES;
				WRAPPER_EXTENSION = app;
			};
			name = Release;
		};
		B52CA0E717A973EE00AD54D0 /* Debug */ = {
			isa = XCBuildConfiguration;
			buildSettings = {
				BUNDLE_LOADER = "$(BUILT_PRODUCTS_DIR)/slingshot.app/slingshot";
				FRAMEWORK_SEARCH_PATHS = (
					"$(SDKROOT)/Developer/Library/Frameworks",
					"$(inherited)",
					"$(SYSTEM_APPS_DIR)/Xcode5-DP.app/Contents/Developer/Library/Frameworks",
				);
				GCC_PRECOMPILE_PREFIX_HEADER = YES;
				GCC_PREFIX_HEADER = "slingshot/slingshot-Prefix.pch";
				GCC_PREPROCESSOR_DEFINITIONS = (
					"DEBUG=1",
					"$(inherited)",
				);
				INFOPLIST_FILE = "slingshotTests/slingshotTests-Info.plist";
				PRODUCT_NAME = "$(TARGET_NAME)";
				TEST_HOST = "$(BUNDLE_LOADER)";
				WRAPPER_EXTENSION = xctest;
			};
			name = Debug;
		};
		B52CA0E817A973EE00AD54D0 /* Release */ = {
			isa = XCBuildConfiguration;
			buildSettings = {
				BUNDLE_LOADER = "$(BUILT_PRODUCTS_DIR)/slingshot.app/slingshot";
				FRAMEWORK_SEARCH_PATHS = (
					"$(SDKROOT)/Developer/Library/Frameworks",
					"$(inherited)",
					"$(SYSTEM_APPS_DIR)/Xcode5-DP.app/Contents/Developer/Library/Frameworks",
				);
				GCC_PRECOMPILE_PREFIX_HEADER = YES;
				GCC_PREFIX_HEADER = "slingshot/slingshot-Prefix.pch";
				INFOPLIST_FILE = "slingshotTests/slingshotTests-Info.plist";
				PRODUCT_NAME = "$(TARGET_NAME)";
				TEST_HOST = "$(BUNDLE_LOADER)";
				WRAPPER_EXTENSION = xctest;
			};
			name = Release;
		};
/* End XCBuildConfiguration section */

/* Begin XCConfigurationList section */
		B52CA0A217A973ED00AD54D0 /* Build configuration list for PBXProject "slingshot" */ = {
			isa = XCConfigurationList;
			buildConfigurations = (
				B52CA0E117A973EE00AD54D0 /* Debug */,
				B52CA0E217A973EE00AD54D0 /* Release */,
			);
			defaultConfigurationIsVisible = 0;
			defaultConfigurationName = Release;
		};
		B52CA0E317A973EE00AD54D0 /* Build configuration list for PBXNativeTarget "slingshot" */ = {
			isa = XCConfigurationList;
			buildConfigurations = (
				B52CA0E417A973EE00AD54D0 /* Debug */,
				B52CA0E517A973EE00AD54D0 /* Release */,
			);
			defaultConfigurationIsVisible = 0;
			defaultConfigurationName = Release;
		};
		B52CA0E617A973EE00AD54D0 /* Build configuration list for PBXNativeTarget "slingshotTests" */ = {
			isa = XCConfigurationList;
			buildConfigurations = (
				B52CA0E717A973EE00AD54D0 /* Debug */,
				B52CA0E817A973EE00AD54D0 /* Release */,
			);
			defaultConfigurationIsVisible = 0;
			defaultConfigurationName = Release;
		};
/* End XCConfigurationList section */
	};
	rootObject = B52CA09F17A973ED00AD54D0 /* Project object */;
}
